
Microsoft Visual Studio Solution File, Format Version 12.00
# Visual Studio Version 16
VisualStudioVersion = 16.0.29806.167
MinimumVisualStudioVersion = 10.0.40219.1
Project("{9A19103F-16F7-4668-BE54-9A1E7A4F7556}") = "UserService.Api", "UserService.Api\UserService.Api.csproj", "{137D63BD-1937-4B57-A393-1912D3604886}"
EndProject
Project("{9A19103F-16F7-4668-BE54-9A1E7A4F7556}") = "UserService.DAL", "UserService.DAL\UserService.DAL.csproj", "{417ED070-085D-42FD-8175-453F478167CC}"
EndProject
Project("{9A19103F-16F7-4668-BE54-9A1E7A4F7556}") = "UserService.Infrastructure", "UserService.Infrastructure\UserService.Infrastructure.csproj", "{0AEFB0E3-6BA5-443B-895E-26C811D1C6F6}"
EndProject
Project("{9A19103F-16F7-4668-BE54-9A1E7A4F7556}") = "UserService.BLL", "UserService.BLL\UserService.BLL.csproj", "{30ACFEA9-A435-4B40-88E4-EFB42D1D5122}"
EndProject
Project("{9A19103F-16F7-4668-BE54-9A1E7A4F7556}") = "UserService.IntegrationTest", "UserService.IntegrationTest\UserService.IntegrationTest.csproj", "{68C59F84-A9C6-4BD6-81EE-83BEBAF8216C}"
EndProject
Project("{FAE04EC0-301F-11D3-BF4B-00C04F79EFBC}") = "UserService.UnitTest", "UserService.UnitTest\UserService.UnitTest.csproj", "{C22D4346-8F55-4C75-BC57-7047EC878EDF}"
EndProject
Global
	GlobalSection(SolutionConfigurationPlatforms) = preSolution
		Debug|Any CPU = Debug|Any CPU
		Release|Any CPU = Release|Any CPU
	EndGlobalSection
	GlobalSection(ProjectConfigurationPlatforms) = postSolution
		{137D63BD-1937-4B57-A393-1912D3604886}.Debug|Any CPU.ActiveCfg = Debug|Any CPU
		{137D63BD-1937-4B57-A393-1912D3604886}.Debug|Any CPU.Build.0 = Debug|Any CPU
		{137D63BD-1937-4B57-A393-1912D3604886}.Release|Any CPU.ActiveCfg = Release|Any CPU
		{137D63BD-1937-4B57-A393-1912D3604886}.Release|Any CPU.Build.0 = Release|Any CPU
		{417ED070-085D-42FD-8175-453F478167CC}.Debug|Any CPU.ActiveCfg = Debug|Any CPU
		{417ED070-085D-42FD-8175-453F478167CC}.Debug|Any CPU.Build.0 = Debug|Any CPU
		{417ED070-085D-42FD-8175-453F478167CC}.Release|Any CPU.ActiveCfg = Release|Any CPU
		{417ED070-085D-42FD-8175-453F478167CC}.Release|Any CPU.Build.0 = Release|Any CPU
		{0AEFB0E3-6BA5-443B-895E-26C811D1C6F6}.Debug|Any CPU.ActiveCfg = Debug|Any CPU
		{0AEFB0E3-6BA5-443B-895E-26C811D1C6F6}.Debug|Any CPU.Build.0 = Debug|Any CPU
		{0AEFB0E3-6BA5-443B-895E-26C811D1C6F6}.Release|Any CPU.ActiveCfg = Release|Any CPU
		{0AEFB0E3-6BA5-443B-895E-26C811D1C6F6}.Release|Any CPU.Build.0 = Release|Any CPU
		{30ACFEA9-A435-4B40-88E4-EFB42D1D5122}.Debug|Any CPU.ActiveCfg = Debug|Any CPU
		{30ACFEA9-A435-4B40-88E4-EFB42D1D5122}.Debug|Any CPU.Build.0 = Debug|Any CPU
		{30ACFEA9-A435-4B40-88E4-EFB42D1D5122}.Release|Any CPU.ActiveCfg = Release|Any CPU
		{30ACFEA9-A435-4B40-88E4-EFB42D1D5122}.Release|Any CPU.Build.0 = Release|Any CPU
		{68C59F84-A9C6-4BD6-81EE-83BEBAF8216C}.Debug|Any CPU.ActiveCfg = Debug|Any CPU
		{68C59F84-A9C6-4BD6-81EE-83BEBAF8216C}.Debug|Any CPU.Build.0 = Debug|Any CPU
		{68C59F84-A9C6-4BD6-81EE-83BEBAF8216C}.Release|Any CPU.ActiveCfg = Release|Any CPU
		{68C59F84-A9C6-4BD6-81EE-83BEBAF8216C}.Release|Any CPU.Build.0 = Release|Any CPU
		{C22D4346-8F55-4C75-BC57-7047EC878EDF}.Debug|Any CPU.ActiveCfg = Debug|Any CPU
		{C22D4346-8F55-4C75-BC57-7047EC878EDF}.Debug|Any CPU.Build.0 = Debug|Any CPU
		{C22D4346-8F55-4C75-BC57-7047EC878EDF}.Release|Any CPU.ActiveCfg = Release|Any CPU
		{C22D4346-8F55-4C75-BC57-7047EC878EDF}.Release|Any CPU.Build.0 = Release|Any CPU
	EndGlobalSection
	GlobalSection(SolutionProperties) = preSolution
		HideSolutionNode = FALSE
	EndGlobalSection
	GlobalSection(ExtensibilityGlobals) = postSolution
		SolutionGuid = {1C590131-0979-4ED3-A31D-2C5BE6207502}
	EndGlobalSection
EndGlobal
